
Microsoft Visual Studio Solution File, Format Version 12.00
# Visual Studio Version 16
VisualStudioVersion = 16.0.31624.102
MinimumVisualStudioVersion = 10.0.40219.1
Project("{FAE04EC0-301F-11D3-BF4B-00C04F79EFBC}") = "TestWeb", "TestWeb\TestWeb.csproj", "{9C6CBADD-BB0B-4F82-AC1C-5F05AEABE92E}"
EndProject
Global
	GlobalSection(SolutionConfigurationPlatforms) = preSolution
		Debug|Any CPU = Debug|Any CPU
		Release|Any CPU = Release|Any CPU
	EndGlobalSection
	GlobalSection(ProjectConfigurationPlatforms) = postSolution
		{9C6CBADD-BB0B-4F82-AC1C-5F05AEABE92E}.Debug|Any CPU.ActiveCfg = Debug|Any CPU
		{9C6CBADD-BB0B-4F82-AC1C-5F05AEABE92E}.Debug|Any CPU.Build.0 = Debug|Any CPU
		{9C6CBADD-BB0B-4F82-AC1C-5F05AEABE92E}.Release|Any CPU.ActiveCfg = Release|Any CPU
		{9C6CBADD-BB0B-4F82-AC1C-5F05AEABE92E}.Release|Any CPU.Build.0 = Release|Any CPU
	EndGlobalSection
	GlobalSection(SolutionProperties) = preSolution
		HideSolutionNode = FALSE
	EndGlobalSection
	GlobalSection(ExtensibilityGlobals) = postSolution
		SolutionGuid = {4DBFF203-E341-4BEE-8763-BB1F512F676A}
	EndGlobalSection
EndGlobal
